
Microsoft Visual Studio Solution File, Format Version 12.00
# Visual Studio 15
VisualStudioVersion = 15.0.26403.7
MinimumVisualStudioVersion = 10.0.40219.1
Project("{D954291E-2A0B-460D-934E-DC6B0785DB48}") = "CurrencyApp", "CurrencyApp\CurrencyApp\CurrencyApp.shproj", "{F954D190-35D4-4FA3-8E79-B1A8F29AFC3D}"
EndProject
Project("{FAE04EC0-301F-11D3-BF4B-00C04F79EFBC}") = "CurrencyApp.Android", "CurrencyApp\CurrencyApp.Android\CurrencyApp.Android.csproj", "{D385DF76-10E9-43B5-A42C-B1DDC5E71CA2}"
EndProject
Project("{FAE04EC0-301F-11D3-BF4B-00C04F79EFBC}") = "CurrencyApp.iOS", "CurrencyApp\CurrencyApp.iOS\CurrencyApp.iOS.csproj", "{08C55A6E-D304-4D4D-BBC9-5F5030F544C9}"
EndProject
Project("{FAE04EC0-301F-11D3-BF4B-00C04F79EFBC}") = "CurrencyApp.UWP", "CurrencyApp\CurrencyApp.UWP\CurrencyApp.UWP.csproj", "{8C7C725B-3F11-40E5-87A4-E85B48921477}"
EndProject
Global
	GlobalSection(SharedMSBuildProjectFiles) = preSolution
		CurrencyApp\CurrencyApp\CurrencyApp.projitems*{08c55a6e-d304-4d4d-bbc9-5f5030f544c9}*SharedItemsImports = 4
		CurrencyApp\CurrencyApp\CurrencyApp.projitems*{8c7c725b-3f11-40e5-87a4-e85b48921477}*SharedItemsImports = 4
		CurrencyApp\CurrencyApp\CurrencyApp.projitems*{d385df76-10e9-43b5-a42c-b1ddc5e71ca2}*SharedItemsImports = 4
		CurrencyApp\CurrencyApp\CurrencyApp.projitems*{f954d190-35d4-4fa3-8e79-b1a8f29afc3d}*SharedItemsImports = 13
	EndGlobalSection
	GlobalSection(SolutionConfigurationPlatforms) = preSolution
		Ad-Hoc|Any CPU = Ad-Hoc|Any CPU
		Ad-Hoc|ARM = Ad-Hoc|ARM
		Ad-Hoc|iPhone = Ad-Hoc|iPhone
		Ad-Hoc|iPhoneSimulator = Ad-Hoc|iPhoneSimulator
		Ad-Hoc|x64 = Ad-Hoc|x64
		Ad-Hoc|x86 = Ad-Hoc|x86
		AppStore|Any CPU = AppStore|Any CPU
		AppStore|ARM = AppStore|ARM
		AppStore|iPhone = AppStore|iPhone
		AppStore|iPhoneSimulator = AppStore|iPhoneSimulator
		AppStore|x64 = AppStore|x64
		AppStore|x86 = AppStore|x86
		Debug|Any CPU = Debug|Any CPU
		Debug|ARM = Debug|ARM
		Debug|iPhone = Debug|iPhone
		Debug|iPhoneSimulator = Debug|iPhoneSimulator
		Debug|x64 = Debug|x64
		Debug|x86 = Debug|x86
		Release|Any CPU = Release|Any CPU
		Release|ARM = Release|ARM
		Release|iPhone = Release|iPhone
		Release|iPhoneSimulator = Release|iPhoneSimulator
		Release|x64 = Release|x64
		Release|x86 = Release|x86
	EndGlobalSection
	GlobalSection(ProjectConfigurationPlatforms) = postSolution
		{D385DF76-10E9-43B5-A42C-B1DDC5E71CA2}.Ad-Hoc|Any CPU.ActiveCfg = Release|Any CPU
		{D385DF76-10E9-43B5-A42C-B1DDC5E71CA2}.Ad-Hoc|Any CPU.Build.0 = Release|Any CPU
		{D385DF76-10E9-43B5-A42C-B1DDC5E71CA2}.Ad-Hoc|Any CPU.Deploy.0 = Release|Any CPU
		{D385DF76-10E9-43B5-A42C-B1DDC5E71CA2}.Ad-Hoc|ARM.ActiveCfg = Release|Any CPU
		{D385DF76-10E9-43B5-A42C-B1DDC5E71CA2}.Ad-Hoc|ARM.Build.0 = Release|Any CPU
		{D385DF76-10E9-43B5-A42C-B1DDC5E71CA2}.Ad-Hoc|ARM.Deploy.0 = Release|Any CPU
		{D385DF76-10E9-43B5-A42C-B1DDC5E71CA2}.Ad-Hoc|iPhone.ActiveCfg = Release|Any CPU
		{D385DF76-10E9-43B5-A42C-B1DDC5E71CA2}.Ad-Hoc|iPhone.Build.0 = Release|Any CPU
		{D385DF76-10E9-43B5-A42C-B1DDC5E71CA2}.Ad-Hoc|iPhone.Deploy.0 = Release|Any CPU
		{D385DF76-10E9-43B5-A42C-B1DDC5E71CA2}.Ad-Hoc|iPhoneSimulator.ActiveCfg = Release|Any CPU
		{D385DF76-10E9-43B5-A42C-B1DDC5E71CA2}.Ad-Hoc|iPhoneSimulator.Build.0 = Release|Any CPU
		{D385DF76-10E9-43B5-A42C-B1DDC5E71CA2}.Ad-Hoc|iPhoneSimulator.Deploy.0 = Release|Any CPU
		{D385DF76-10E9-43B5-A42C-B1DDC5E71CA2}.Ad-Hoc|x64.ActiveCfg = Release|Any CPU
		{D385DF76-10E9-43B5-A42C-B1DDC5E71CA2}.Ad-Hoc|x64.Build.0 = Release|Any CPU
		{D385DF76-10E9-43B5-A42C-B1DDC5E71CA2}.Ad-Hoc|x64.Deploy.0 = Release|Any CPU
		{D385DF76-10E9-43B5-A42C-B1DDC5E71CA2}.Ad-Hoc|x86.ActiveCfg = Release|Any CPU
		{D385DF76-10E9-43B5-A42C-B1DDC5E71CA2}.Ad-Hoc|x86.Build.0 = Release|Any CPU
		{D385DF76-10E9-43B5-A42C-B1DDC5E71CA2}.Ad-Hoc|x86.Deploy.0 = Release|Any CPU
		{D385DF76-10E9-43B5-A42C-B1DDC5E71CA2}.AppStore|Any CPU.ActiveCfg = Release|Any CPU
		{D385DF76-10E9-43B5-A42C-B1DDC5E71CA2}.AppStore|Any CPU.Build.0 = Release|Any CPU
		{D385DF76-10E9-43B5-A42C-B1DDC5E71CA2}.AppStore|Any CPU.Deploy.0 = Release|Any CPU
		{D385DF76-10E9-43B5-A42C-B1DDC5E71CA2}.AppStore|ARM.ActiveCfg = Release|Any CPU
		{D385DF76-10E9-43B5-A42C-B1DDC5E71CA2}.AppStore|ARM.Build.0 = Release|Any CPU
		{D385DF76-10E9-43B5-A42C-B1DDC5E71CA2}.AppStore|ARM.Deploy.0 = Release|Any CPU
		{D385DF76-10E9-43B5-A42C-B1DDC5E71CA2}.AppStore|iPhone.ActiveCfg = Release|Any CPU
		{D385DF76-10E9-43B5-A42C-B1DDC5E71CA2}.AppStore|iPhone.Build.0 = Release|Any CPU
		{D385DF76-10E9-43B5-A42C-B1DDC5E71CA2}.AppStore|iPhone.Deploy.0 = Release|Any CPU
		{D385DF76-10E9-43B5-A42C-B1DDC5E71CA2}.AppStore|iPhoneSimulator.ActiveCfg = Release|Any CPU
		{D385DF76-10E9-43B5-A42C-B1DDC5E71CA2}.AppStore|iPhoneSimulator.Build.0 = Release|Any CPU
		{D385DF76-10E9-43B5-A42C-B1DDC5E71CA2}.AppStore|iPhoneSimulator.Deploy.0 = Release|Any CPU
		{D385DF76-10E9-43B5-A42C-B1DDC5E71CA2}.AppStore|x64.ActiveCfg = Release|Any CPU
		{D385DF76-10E9-43B5-A42C-B1DDC5E71CA2}.AppStore|x64.Build.0 = Release|Any CPU
		{D385DF76-10E9-43B5-A42C-B1DDC5E71CA2}.AppStore|x64.Deploy.0 = Release|Any CPU
		{D385DF76-10E9-43B5-A42C-B1DDC5E71CA2}.AppStore|x86.ActiveCfg = Release|Any CPU
		{D385DF76-10E9-43B5-A42C-B1DDC5E71CA2}.AppStore|x86.Build.0 = Release|Any CPU
		{D385DF76-10E9-43B5-A42C-B1DDC5E71CA2}.AppStore|x86.Deploy.0 = Release|Any CPU
		{D385DF76-10E9-43B5-A42C-B1DDC5E71CA2}.Debug|Any CPU.ActiveCfg = Debug|Any CPU
		{D385DF76-10E9-43B5-A42C-B1DDC5E71CA2}.Debug|Any CPU.Build.0 = Debug|Any CPU
		{D385DF76-10E9-43B5-A42C-B1DDC5E71CA2}.Debug|Any CPU.Deploy.0 = Debug|Any CPU
		{D385DF76-10E9-43B5-A42C-B1DDC5E71CA2}.Debug|ARM.ActiveCfg = Debug|Any CPU
		{D385DF76-10E9-43B5-A42C-B1DDC5E71CA2}.Debug|ARM.Build.0 = Debug|Any CPU
		{D385DF76-10E9-43B5-A42C-B1DDC5E71CA2}.Debug|ARM.Deploy.0 = Debug|Any CPU
		{D385DF76-10E9-43B5-A42C-B1DDC5E71CA2}.Debug|iPhone.ActiveCfg = Debug|Any CPU
		{D385DF76-10E9-43B5-A42C-B1DDC5E71CA2}.Debug|iPhone.Build.0 = Debug|Any CPU
		{D385DF76-10E9-43B5-A42C-B1DDC5E71CA2}.Debug|iPhone.Deploy.0 = Debug|Any CPU
		{D385DF76-10E9-43B5-A42C-B1DDC5E71CA2}.Debug|iPhoneSimulator.ActiveCfg = Debug|Any CPU
		{D385DF76-10E9-43B5-A42C-B1DDC5E71CA2}.Debug|iPhoneSimulator.Build.0 = Debug|Any CPU
		{D385DF76-10E9-43B5-A42C-B1DDC5E71CA2}.Debug|iPhoneSimulator.Deploy.0 = Debug|Any CPU
		{D385DF76-10E9-43B5-A42C-B1DDC5E71CA2}.Debug|x64.ActiveCfg = Debug|Any CPU
		{D385DF76-10E9-43B5-A42C-B1DDC5E71CA2}.Debug|x64.Build.0 = Debug|Any CPU
		{D385DF76-10E9-43B5-A42C-B1DDC5E71CA2}.Debug|x64.Deploy.0 = Debug|Any CPU
		{D385DF76-10E9-43B5-A42C-B1DDC5E71CA2}.Debug|x86.ActiveCfg = Debug|Any CPU
		{D385DF76-10E9-43B5-A42C-B1DDC5E71CA2}.Debug|x86.Build.0 = Debug|Any CPU
		{D385DF76-10E9-43B5-A42C-B1DDC5E71CA2}.Debug|x86.Deploy.0 = Debug|Any CPU
		{D385DF76-10E9-43B5-A42C-B1DDC5E71CA2}.Release|Any CPU.ActiveCfg = Release|Any CPU
		{D385DF76-10E9-43B5-A42C-B1DDC5E71CA2}.Release|Any CPU.Build.0 = Release|Any CPU
		{D385DF76-10E9-43B5-A42C-B1DDC5E71CA2}.Release|Any CPU.Deploy.0 = Release|Any CPU
		{D385DF76-10E9-43B5-A42C-B1DDC5E71CA2}.Release|ARM.ActiveCfg = Release|Any CPU
		{D385DF76-10E9-43B5-A42C-B1DDC5E71CA2}.Release|ARM.Build.0 = Release|Any CPU
		{D385DF76-10E9-43B5-A42C-B1DDC5E71CA2}.Release|ARM.Deploy.0 = Release|Any CPU
		{D385DF76-10E9-43B5-A42C-B1DDC5E71CA2}.Release|iPhone.ActiveCfg = Release|Any CPU
		{D385DF76-10E9-43B5-A42C-B1DDC5E71CA2}.Release|iPhone.Build.0 = Release|Any CPU
		{D385DF76-10E9-43B5-A42C-B1DDC5E71CA2}.Release|iPhone.Deploy.0 = Release|Any CPU
		{D385DF76-10E9-43B5-A42C-B1DDC5E71CA2}.Release|iPhoneSimulator.ActiveCfg = Release|Any CPU
		{D385DF76-10E9-43B5-A42C-B1DDC5E71CA2}.Release|iPhoneSimulator.Build.0 = Release|Any CPU
		{D385DF76-10E9-43B5-A42C-B1DDC5E71CA2}.Release|iPhoneSimulator.Deploy.0 = Release|Any CPU
		{D385DF76-10E9-43B5-A42C-B1DDC5E71CA2}.Release|x64.ActiveCfg = Release|Any CPU
		{D385DF76-10E9-43B5-A42C-B1DDC5E71CA2}.Release|x64.Build.0 = Release|Any CPU
		{D385DF76-10E9-43B5-A42C-B1DDC5E71CA2}.Release|x64.Deploy.0 = Release|Any CPU
		{D385DF76-10E9-43B5-A42C-B1DDC5E71CA2}.Release|x86.ActiveCfg = Release|Any CPU
		{D385DF76-10E9-43B5-A42C-B1DDC5E71CA2}.Release|x86.Build.0 = Release|Any CPU
		{D385DF76-10E9-43B5-A42C-B1DDC5E71CA2}.Release|x86.Deploy.0 = Release|Any CPU
		{08C55A6E-D304-4D4D-BBC9-5F5030F544C9}.Ad-Hoc|Any CPU.ActiveCfg = Ad-Hoc|iPhone
		{08C55A6E-D304-4D4D-BBC9-5F5030F544C9}.Ad-Hoc|ARM.ActiveCfg = Ad-Hoc|iPhone
		{08C55A6E-D304-4D4D-BBC9-5F5030F544C9}.Ad-Hoc|iPhone.ActiveCfg = Ad-Hoc|iPhone
		{08C55A6E-D304-4D4D-BBC9-5F5030F544C9}.Ad-Hoc|iPhone.Build.0 = Ad-Hoc|iPhone
		{08C55A6E-D304-4D4D-BBC9-5F5030F544C9}.Ad-Hoc|iPhoneSimulator.ActiveCfg = Ad-Hoc|iPhoneSimulator
		{08C55A6E-D304-4D4D-BBC9-5F5030F544C9}.Ad-Hoc|iPhoneSimulator.Build.0 = Ad-Hoc|iPhoneSimulator
		{08C55A6E-D304-4D4D-BBC9-5F5030F544C9}.Ad-Hoc|x64.ActiveCfg = Ad-Hoc|iPhone
		{08C55A6E-D304-4D4D-BBC9-5F5030F544C9}.Ad-Hoc|x86.ActiveCfg = Ad-Hoc|iPhone
		{08C55A6E-D304-4D4D-BBC9-5F5030F544C9}.AppStore|Any CPU.ActiveCfg = AppStore|iPhone
		{08C55A6E-D304-4D4D-BBC9-5F5030F544C9}.AppStore|ARM.ActiveCfg = AppStore|iPhone
		{08C55A6E-D304-4D4D-BBC9-5F5030F544C9}.AppStore|iPhone.ActiveCfg = AppStore|iPhone
		{08C55A6E-D304-4D4D-BBC9-5F5030F544C9}.AppStore|iPhone.Build.0 = AppStore|iPhone
		{08C55A6E-D304-4D4D-BBC9-5F5030F544C9}.AppStore|iPhoneSimulator.ActiveCfg = AppStore|iPhoneSimulator
		{08C55A6E-D304-4D4D-BBC9-5F5030F544C9}.AppStore|iPhoneSimulator.Build.0 = AppStore|iPhoneSimulator
		{08C55A6E-D304-4D4D-BBC9-5F5030F544C9}.AppStore|x64.ActiveCfg = AppStore|iPhone
		{08C55A6E-D304-4D4D-BBC9-5F5030F544C9}.AppStore|x86.ActiveCfg = AppStore|iPhone
		{08C55A6E-D304-4D4D-BBC9-5F5030F544C9}.Debug|Any CPU.ActiveCfg = Debug|iPhone
		{08C55A6E-D304-4D4D-BBC9-5F5030F544C9}.Debug|ARM.ActiveCfg = Debug|iPhone
		{08C55A6E-D304-4D4D-BBC9-5F5030F544C9}.Debug|iPhone.ActiveCfg = Debug|iPhone
		{08C55A6E-D304-4D4D-BBC9-5F5030F544C9}.Debug|iPhone.Build.0 = Debug|iPhone
		{08C55A6E-D304-4D4D-BBC9-5F5030F544C9}.Debug|iPhoneSimulator.ActiveCfg = Debug|iPhoneSimulator
		{08C55A6E-D304-4D4D-BBC9-5F5030F544C9}.Debug|iPhoneSimulator.Build.0 = Debug|iPhoneSimulator
		{08C55A6E-D304-4D4D-BBC9-5F5030F544C9}.Debug|x64.ActiveCfg = Debug|iPhone
		{08C55A6E-D304-4D4D-BBC9-5F5030F544C9}.Debug|x86.ActiveCfg = Debug|iPhone
		{08C55A6E-D304-4D4D-BBC9-5F5030F544C9}.Release|Any CPU.ActiveCfg = Release|iPhone
		{08C55A6E-D304-4D4D-BBC9-5F5030F544C9}.Release|ARM.ActiveCfg = Release|iPhone
		{08C55A6E-D304-4D4D-BBC9-5F5030F544C9}.Release|iPhone.ActiveCfg = Release|iPhone
		{08C55A6E-D304-4D4D-BBC9-5F5030F544C9}.Release|iPhone.Build.0 = Release|iPhone
		{08C55A6E-D304-4D4D-BBC9-5F5030F544C9}.Release|iPhoneSimulator.ActiveCfg = Release|iPhoneSimulator
		{08C55A6E-D304-4D4D-BBC9-5F5030F544C9}.Release|iPhoneSimulator.Build.0 = Release|iPhoneSimulator
		{08C55A6E-D304-4D4D-BBC9-5F5030F544C9}.Release|x64.ActiveCfg = Release|iPhone
		{08C55A6E-D304-4D4D-BBC9-5F5030F544C9}.Release|x86.ActiveCfg = Release|iPhone
		{8C7C725B-3F11-40E5-87A4-E85B48921477}.Ad-Hoc|Any CPU.ActiveCfg = Release|x86
		{8C7C725B-3F11-40E5-87A4-E85B48921477}.Ad-Hoc|Any CPU.Build.0 = Release|x86
		{8C7C725B-3F11-40E5-87A4-E85B48921477}.Ad-Hoc|Any CPU.Deploy.0 = Release|x86
		{8C7C725B-3F11-40E5-87A4-E85B48921477}.Ad-Hoc|ARM.ActiveCfg = Release|ARM
		{8C7C725B-3F11-40E5-87A4-E85B48921477}.Ad-Hoc|ARM.Build.0 = Release|ARM
		{8C7C725B-3F11-40E5-87A4-E85B48921477}.Ad-Hoc|ARM.Deploy.0 = Release|ARM
		{8C7C725B-3F11-40E5-87A4-E85B48921477}.Ad-Hoc|iPhone.ActiveCfg = Release|x86
		{8C7C725B-3F11-40E5-87A4-E85B48921477}.Ad-Hoc|iPhone.Build.0 = Release|x86
		{8C7C725B-3F11-40E5-87A4-E85B48921477}.Ad-Hoc|iPhone.Deploy.0 = Release|x86
		{8C7C725B-3F11-40E5-87A4-E85B48921477}.Ad-Hoc|iPhoneSimulator.ActiveCfg = Release|x86
		{8C7C725B-3F11-40E5-87A4-E85B48921477}.Ad-Hoc|iPhoneSimulator.Build.0 = Release|x86
		{8C7C725B-3F11-40E5-87A4-E85B48921477}.Ad-Hoc|iPhoneSimulator.Deploy.0 = Release|x86
		{8C7C725B-3F11-40E5-87A4-E85B48921477}.Ad-Hoc|x64.ActiveCfg = Release|x64
		{8C7C725B-3F11-40E5-87A4-E85B48921477}.Ad-Hoc|x64.Build.0 = Release|x64
		{8C7C725B-3F11-40E5-87A4-E85B48921477}.Ad-Hoc|x64.Deploy.0 = Release|x64
		{8C7C725B-3F11-40E5-87A4-E85B48921477}.Ad-Hoc|x86.ActiveCfg = Release|x86
		{8C7C725B-3F11-40E5-87A4-E85B48921477}.Ad-Hoc|x86.Build.0 = Release|x86
		{8C7C725B-3F11-40E5-87A4-E85B48921477}.Ad-Hoc|x86.Deploy.0 = Release|x86
		{8C7C725B-3F11-40E5-87A4-E85B48921477}.AppStore|Any CPU.ActiveCfg = Release|x86
		{8C7C725B-3F11-40E5-87A4-E85B48921477}.AppStore|Any CPU.Build.0 = Release|x86
		{8C7C725B-3F11-40E5-87A4-E85B48921477}.AppStore|Any CPU.Deploy.0 = Release|x86
		{8C7C725B-3F11-40E5-87A4-E85B48921477}.AppStore|ARM.ActiveCfg = Release|ARM
		{8C7C725B-3F11-40E5-87A4-E85B48921477}.AppStore|ARM.Build.0 = Release|ARM
		{8C7C725B-3F11-40E5-87A4-E85B48921477}.AppStore|ARM.Deploy.0 = Release|ARM
		{8C7C725B-3F11-40E5-87A4-E85B48921477}.AppStore|iPhone.ActiveCfg = Release|x86
		{8C7C725B-3F11-40E5-87A4-E85B48921477}.AppStore|iPhone.Build.0 = Release|x86
		{8C7C725B-3F11-40E5-87A4-E85B48921477}.AppStore|iPhone.Deploy.0 = Release|x86
		{8C7C725B-3F11-40E5-87A4-E85B48921477}.AppStore|iPhoneSimulator.ActiveCfg = Release|x86
		{8C7C725B-3F11-40E5-87A4-E85B48921477}.AppStore|iPhoneSimulator.Build.0 = Release|x86
		{8C7C725B-3F11-40E5-87A4-E85B48921477}.AppStore|iPhoneSimulator.Deploy.0 = Release|x86
		{8C7C725B-3F11-40E5-87A4-E85B48921477}.AppStore|x64.ActiveCfg = Release|x64
		{8C7C725B-3F11-40E5-87A4-E85B48921477}.AppStore|x64.Build.0 = Release|x64
		{8C7C725B-3F11-40E5-87A4-E85B48921477}.AppStore|x64.Deploy.0 = Release|x64
		{8C7C725B-3F11-40E5-87A4-E85B48921477}.AppStore|x86.ActiveCfg = Release|x86
		{8C7C725B-3F11-40E5-87A4-E85B48921477}.AppStore|x86.Build.0 = Release|x86
		{8C7C725B-3F11-40E5-87A4-E85B48921477}.AppStore|x86.Deploy.0 = Release|x86
		{8C7C725B-3F11-40E5-87A4-E85B48921477}.Debug|Any CPU.ActiveCfg = Debug|x86
		{8C7C725B-3F11-40E5-87A4-E85B48921477}.Debug|ARM.ActiveCfg = Debug|ARM
		{8C7C725B-3F11-40E5-87A4-E85B48921477}.Debug|ARM.Build.0 = Debug|ARM
		{8C7C725B-3F11-40E5-87A4-E85B48921477}.Debug|ARM.Deploy.0 = Debug|ARM
		{8C7C725B-3F11-40E5-87A4-E85B48921477}.Debug|iPhone.ActiveCfg = Debug|x86
		{8C7C725B-3F11-40E5-87A4-E85B48921477}.Debug|iPhoneSimulator.ActiveCfg = Debug|x86
		{8C7C725B-3F11-40E5-87A4-E85B48921477}.Debug|x64.ActiveCfg = Debug|x64
		{8C7C725B-3F11-40E5-87A4-E85B48921477}.Debug|x64.Build.0 = Debug|x64
		{8C7C725B-3F11-40E5-87A4-E85B48921477}.Debug|x64.Deploy.0 = Debug|x64
		{8C7C725B-3F11-40E5-87A4-E85B48921477}.Debug|x86.ActiveCfg = Debug|x86
		{8C7C725B-3F11-40E5-87A4-E85B48921477}.Debug|x86.Build.0 = Debug|x86
		{8C7C725B-3F11-40E5-87A4-E85B48921477}.Debug|x86.Deploy.0 = Debug|x86
		{8C7C725B-3F11-40E5-87A4-E85B48921477}.Release|Any CPU.ActiveCfg = Release|x86
		{8C7C725B-3F11-40E5-87A4-E85B48921477}.Release|ARM.ActiveCfg = Release|ARM
		{8C7C725B-3F11-40E5-87A4-E85B48921477}.Release|ARM.Build.0 = Release|ARM
		{8C7C725B-3F11-40E5-87A4-E85B48921477}.Release|ARM.Deploy.0 = Release|ARM
		{8C7C725B-3F11-40E5-87A4-E85B48921477}.Release|iPhone.ActiveCfg = Release|x86
		{8C7C725B-3F11-40E5-87A4-E85B48921477}.Release|iPhoneSimulator.ActiveCfg = Release|x86
		{8C7C725B-3F11-40E5-87A4-E85B48921477}.Release|x64.ActiveCfg = Release|x64
		{8C7C725B-3F11-40E5-87A4-E85B48921477}.Release|x64.Build.0 = Release|x64
		{8C7C725B-3F11-40E5-87A4-E85B48921477}.Release|x64.Deploy.0 = Release|x64
		{8C7C725B-3F11-40E5-87A4-E85B48921477}.Release|x86.ActiveCfg = Release|x86
		{8C7C725B-3F11-40E5-87A4-E85B48921477}.Release|x86.Build.0 = Release|x86
		{8C7C725B-3F11-40E5-87A4-E85B48921477}.Release|x86.Deploy.0 = Release|x86
	EndGlobalSection
	GlobalSection(SolutionProperties) = preSolution
		HideSolutionNode = FALSE
	EndGlobalSection
EndGlobal
